
Microsoft Visual Studio Solution File, Format Version 12.00
# Visual Studio Version 17
VisualStudioVersion = 17.4.33103.184
MinimumVisualStudioVersion = 10.0.40219.1
Project("{FAE04EC0-301F-11D3-BF4B-00C04F79EFBC}") = "Coin", "Coin\Coin.csproj", "{2F6BA000-D01E-4C45-9FDA-F3BF702BBFEC}"
EndProject
Global
	GlobalSection(SolutionConfigurationPlatforms) = preSolution
		Debug|Any CPU = Debug|Any CPU
		Release|Any CPU = Release|Any CPU
	EndGlobalSection
	GlobalSection(ProjectConfigurationPlatforms) = postSolution
		{2F6BA000-D01E-4C45-9FDA-F3BF702BBFEC}.Debug|Any CPU.ActiveCfg = Debug|Any CPU
		{2F6BA000-D01E-4C45-9FDA-F3BF702BBFEC}.Debug|Any CPU.Build.0 = Debug|Any CPU
		{2F6BA000-D01E-4C45-9FDA-F3BF702BBFEC}.Release|Any CPU.ActiveCfg = Release|Any CPU
		{2F6BA000-D01E-4C45-9FDA-F3BF702BBFEC}.Release|Any CPU.Build.0 = Release|Any CPU
	EndGlobalSection
	GlobalSection(SolutionProperties) = preSolution
		HideSolutionNode = FALSE
	EndGlobalSection
	GlobalSection(ExtensibilityGlobals) = postSolution
		SolutionGuid = {6F4366F7-5EA4-44D9-A47A-EFA750020B0B}
	EndGlobalSection
EndGlobal
