
Microsoft Visual Studio Solution File, Format Version 12.00
# Visual Studio Version 17
VisualStudioVersion = 17.3.32929.385
MinimumVisualStudioVersion = 10.0.40219.1
Project("{FAE04EC0-301F-11D3-BF4B-00C04F79EFBC}") = "CurrencyExchanger", "CurrencyExchanger\CurrencyExchanger.csproj", "{452ACE48-2386-4A3E-8F37-0FCFEB6C420E}"
EndProject
Global
	GlobalSection(SolutionConfigurationPlatforms) = preSolution
		Debug|Any CPU = Debug|Any CPU
		Release|Any CPU = Release|Any CPU
	EndGlobalSection
	GlobalSection(ProjectConfigurationPlatforms) = postSolution
		{452ACE48-2386-4A3E-8F37-0FCFEB6C420E}.Debug|Any CPU.ActiveCfg = Debug|Any CPU
		{452ACE48-2386-4A3E-8F37-0FCFEB6C420E}.Debug|Any CPU.Build.0 = Debug|Any CPU
		{452ACE48-2386-4A3E-8F37-0FCFEB6C420E}.Release|Any CPU.ActiveCfg = Release|Any CPU
		{452ACE48-2386-4A3E-8F37-0FCFEB6C420E}.Release|Any CPU.Build.0 = Release|Any CPU
	EndGlobalSection
	GlobalSection(SolutionProperties) = preSolution
		HideSolutionNode = FALSE
	EndGlobalSection
	GlobalSection(ExtensibilityGlobals) = postSolution
		SolutionGuid = {F5514253-3BCF-4D45-AFD8-2490A99DE45F}
	EndGlobalSection
EndGlobal
